// !$*UTF8*$!
{
	archiveVersion = 1;
	classes = {
	};
	objectVersion = 53;
	objects = {

/* Begin PBXBuildFile section */
		E054FB3624B38BD8000DD0AA /* AppDelegate.swift in Sources */ = {isa = PBXBuildFile; fileRef = E054FB3524B38BD8000DD0AA /* AppDelegate.swift */; };
		E054FB3824B38BD8000DD0AA /* SceneDelegate.swift in Sources */ = {isa = PBXBuildFile; fileRef = E054FB3724B38BD8000DD0AA /* SceneDelegate.swift */; };
		E054FB3A24B38BD8000DD0AA /* ViewController.swift in Sources */ = {isa = PBXBuildFile; fileRef = E054FB3924B38BD8000DD0AA /* ViewController.swift */; };
		E054FB3D24B38BD8000DD0AA /* Main.storyboard in Resources */ = {isa = PBXBuildFile; fileRef = E054FB3B24B38BD8000DD0AA /* Main.storyboard */; };
		E054FB3F24B38BD8000DD0AA /* Assets.xcassets in Resources */ = {isa = PBXBuildFile; fileRef = E054FB3E24B38BD8000DD0AA /* Assets.xcassets */; };
		E054FB4224B38BD8000DD0AA /* LaunchScreen.storyboard in Resources */ = {isa = PBXBuildFile; fileRef = E054FB4024B38BD8000DD0AA /* LaunchScreen.storyboard */; };
		E089E2DA24B943ED00037991 /* .gitignore in Resources */ = {isa = PBXBuildFile; fileRef = E089E2D924B943ED00037991 /* .gitignore */; };
/* End PBXBuildFile section */

/* Begin PBXFileReference section */
		E054FB3224B38BD8000DD0AA /* Math.app */ = {isa = PBXFileReference; explicitFileType = wrapper.application; includeInIndex = 0; path = Math.app; sourceTree = BUILT_PRODUCTS_DIR; };
		E054FB3524B38BD8000DD0AA /* AppDelegate.swift */ = {isa = PBXFileReference; lastKnownFileType = sourcecode.swift; path = AppDelegate.swift; sourceTree = "<group>"; };
		E054FB3724B38BD8000DD0AA /* SceneDelegate.swift */ = {isa = PBXFileReference; lastKnownFileType = sourcecode.swift; path = SceneDelegate.swift; sourceTree = "<group>"; };
		E054FB3924B38BD8000DD0AA /* ViewController.swift */ = {isa = PBXFileReference; lastKnownFileType = sourcecode.swift; path = ViewController.swift; sourceTree = "<group>"; };
		E054FB3C24B38BD8000DD0AA /* Base */ = {isa = PBXFileReference; lastKnownFileType = file.storyboard; name = Base; path = Base.lproj/Main.storyboard; sourceTree = "<group>"; };
		E054FB3E24B38BD8000DD0AA /* Assets.xcassets */ = {isa = PBXFileReference; lastKnownFileType = folder.assetcatalog; path = Assets.xcassets; sourceTree = "<group>"; };
		E054FB4124B38BD8000DD0AA /* Base */ = {isa = PBXFileReference; lastKnownFileType = file.storyboard; name = Base; path = Base.lproj/LaunchScreen.storyboard; sourceTree = "<group>"; };
		E054FB4324B38BD8000DD0AA /* Info.plist */ = {isa = PBXFileReference; lastKnownFileType = text.plist.xml; path = Info.plist; sourceTree = "<group>"; };
		E089E2D924B943ED00037991 /* .gitignore */ = {isa = PBXFileReference; lastKnownFileType = text; path = .gitignore; sourceTree = "<group>"; };
/* End PBXFileReference section */

/* Begin PBXFrameworksBuildPhase section */
		E054FB2F24B38BD8000DD0AA /* Frameworks */ = {
			isa = PBXFrameworksBuildPhase;
			buildActionMask = 2147483647;
			files = (
			);
			runOnlyForDeploymentPostprocessing = 0;
		};
/* End PBXFrameworksBuildPhase section */

/* Begin PBXGroup section */
		E054FB2924B38BD8000DD0AA = {
			isa = PBXGroup;
			children = (
				E089E2D924B943ED00037991 /* .gitignore */,
				E054FB3424B38BD8000DD0AA /* MathGame */,
				E054FB3324B38BD8000DD0AA /* Products */,
			);
			sourceTree = "<group>";
		};
		E054FB3324B38BD8000DD0AA /* Products */ = {
			isa = PBXGroup;
			children = (
				E054FB3224B38BD8000DD0AA /* Math.app */,
			);
			name = Products;
			sourceTree = "<group>";
		};
		E054FB3424B38BD8000DD0AA /* MathGame */ = {
			isa = PBXGroup;
			children = (
				E054FB3524B38BD8000DD0AA /* AppDelegate.swift */,
				E054FB3724B38BD8000DD0AA /* SceneDelegate.swift */,
				E054FB3924B38BD8000DD0AA /* ViewController.swift */,
				E054FB3B24B38BD8000DD0AA /* Main.storyboard */,
				E054FB3E24B38BD8000DD0AA /* Assets.xcassets */,
				E054FB4024B38BD8000DD0AA /* LaunchScreen.storyboard */,
				E054FB4324B38BD8000DD0AA /* Info.plist */,
			);
			path = MathGame;
			sourceTree = "<group>";
		};
/* End PBXGroup section */

/* Begin PBXNativeTarget section */
		E054FB3124B38BD8000DD0AA /* MathGame */ = {
			isa = PBXNativeTarget;
			buildConfigurationList = E054FB4624B38BD8000DD0AA /* Build configuration list for PBXNativeTarget "MathGame" */;
			buildPhases = (
				E054FB2E24B38BD8000DD0AA /* Sources */,
				E054FB2F24B38BD8000DD0AA /* Frameworks */,
				E054FB3024B38BD8000DD0AA /* Resources */,
			);
			buildRules = (
			);
			dependencies = (
			);
			name = MathGame;
			productName = MathGame;
			productReference = E054FB3224B38BD8000DD0AA /* Math.app */;
			productType = "com.apple.product-type.application";
		};
/* End PBXNativeTarget section */

/* Begin PBXProject section */
		E054FB2A24B38BD8000DD0AA /* Project object */ = {
			isa = PBXProject;
			attributes = {
				LastSwiftUpdateCheck = 1150;
				LastUpgradeCheck = 1150;
				ORGANIZATIONNAME = Hutr0;
				TargetAttributes = {
					E054FB3124B38BD8000DD0AA = {
						CreatedOnToolsVersion = 11.5;
					};
				};
			};
			buildConfigurationList = E054FB2D24B38BD8000DD0AA /* Build configuration list for PBXProject "MathGame" */;
			compatibilityVersion = "Xcode 11.4";
			developmentRegion = en;
			hasScannedForEncodings = 0;
			knownRegions = (
				en,
				Base,
			);
			mainGroup = E054FB2924B38BD8000DD0AA;
			productRefGroup = E054FB3324B38BD8000DD0AA /* Products */;
			projectDirPath = "";
			projectRoot = "";
			targets = (
				E054FB3124B38BD8000DD0AA /* MathGame */,
			);
		};
/* End PBXProject section */

/* Begin PBXResourcesBuildPhase section */
		E054FB3024B38BD8000DD0AA /* Resources */ = {
			isa = PBXResourcesBuildPhase;
			buildActionMask = 2147483647;
			files = (
				E089E2DA24B943ED00037991 /* .gitignore in Resources */,
				E054FB4224B38BD8000DD0AA /* LaunchScreen.storyboard in Resources */,
				E054FB3F24B38BD8000DD0AA /* Assets.xcassets in Resources */,
				E054FB3D24B38BD8000DD0AA /* Main.storyboard in Resources */,
			);
			runOnlyForDeploymentPostprocessing = 0;
		};
/* End PBXResourcesBuildPhase section */

/* Begin PBXSourcesBuildPhase section */
		E054FB2E24B38BD8000DD0AA /* Sources */ = {
			isa = PBXSourcesBuildPhase;
			buildActionMask = 2147483647;
			files = (
				E054FB3A24B38BD8000DD0AA /* ViewController.swift in Sources */,
				E054FB3624B38BD8000DD0AA /* AppDelegate.swift in Sources */,
				E054FB3824B38BD8000DD0AA /* SceneDelegate.swift in Sources */,
			);
			runOnlyForDeploymentPostprocessing = 0;
		};
/* End PBXSourcesBuildPhase section */

/* Begin PBXVariantGroup section */
		E054FB3B24B38BD8000DD0AA /* Main.storyboard */ = {
			isa = PBXVariantGroup;
			children = (
				E054FB3C24B38BD8000DD0AA /* Base */,
			);
			name = Main.storyboard;
			sourceTree = "<group>";
		};
		E054FB4024B38BD8000DD0AA /* LaunchScreen.storyboard */ = {
			isa = PBXVariantGroup;
			children = (
				E054FB4124B38BD8000DD0AA /* Base */,
			);
			name = LaunchScreen.storyboard;
			sourceTree = "<group>";
		};
/* End PBXVariantGroup section */

/* Begin XCBuildConfiguration section */
		E054FB4424B38BD8000DD0AA /* Debug */ = {
			isa = XCBuildConfiguration;
			buildSettings = {
				ALWAYS_SEARCH_USER_PATHS = NO;
				CLANG_ANALYZER_NONNULL = YES;
				CLANG_ANALYZER_NUMBER_OBJECT_CONVERSION = YES_AGGRESSIVE;
				CLANG_CXX_LANGUAGE_STANDARD = "gnu++14";
				CLANG_CXX_LIBRARY = "libc++";
				CLANG_ENABLE_MODULES = YES;
				CLANG_ENABLE_OBJC_ARC = YES;
				CLANG_ENABLE_OBJC_WEAK = YES;
				CLANG_WARN_BLOCK_CAPTURE_AUTORELEASING = YES;
				CLANG_WARN_BOOL_CONVERSION = YES;
				CLANG_WARN_COMMA = YES;
				CLANG_WARN_CONSTANT_CONVERSION = YES;
				CLANG_WARN_DEPRECATED_OBJC_IMPLEMENTATIONS = YES;
				CLANG_WARN_DIRECT_OBJC_ISA_USAGE = YES_ERROR;
				CLANG_WARN_DOCUMENTATION_COMMENTS = YES;
				CLANG_WARN_EMPTY_BODY = YES;
				CLANG_WARN_ENUM_CONVERSION = YES;
				CLANG_WARN_INFINITE_RECURSION = YES;
				CLANG_WARN_INT_CONVERSION = YES;
				CLANG_WARN_NON_LITERAL_NULL_CONVERSION = YES;
				CLANG_WARN_OBJC_IMPLICIT_RETAIN_SELF = YES;
				CLANG_WARN_OBJC_LITERAL_CONVERSION = YES;
				CLANG_WARN_OBJC_ROOT_CLASS = YES_ERROR;
				CLANG_WARN_RANGE_LOOP_ANALYSIS = YES;
				CLANG_WARN_STRICT_PROTOTYPES = YES;
				CLANG_WARN_SUSPICIOUS_MOVE = YES;
				CLANG_WARN_UNGUARDED_AVAILABILITY = YES_AGGRESSIVE;
				CLANG_WARN_UNREACHABLE_CODE = YES;
				CLANG_WARN__DUPLICATE_METHOD_MATCH = YES;
				COPY_PHASE_STRIP = NO;
				DEBUG_INFORMATION_FORMAT = dwarf;
				ENABLE_STRICT_OBJC_MSGSEND = YES;
				ENABLE_TESTABILITY = YES;
				GCC_C_LANGUAGE_STANDARD = gnu11;
				GCC_DYNAMIC_NO_PIC = NO;
				GCC_NO_COMMON_BLOCKS = YES;
				GCC_OPTIMIZATION_LEVEL = 0;
				GCC_PREPROCESSOR_DEFINITIONS = (
					"DEBUG=1",
					"$(inherited)",
				);
				GCC_WARN_64_TO_32_BIT_CONVERSION = YES;
				GCC_WARN_ABOUT_RETURN_TYPE = YES_ERROR;
				GCC_WARN_UNDECLARED_SELECTOR = YES;
				GCC_WARN_UNINITIALIZED_AUTOS = YES_AGGRESSIVE;
				GCC_WARN_UNUSED_FUNCTION = YES;
				GCC_WARN_UNUSED_VARIABLE = YES;
				IPHONEOS_DEPLOYMENT_TARGET = 13.5;
				MTL_ENABLE_DEBUG_INFO = INCLUDE_SOURCE;
				MTL_FAST_MATH = YES;
				ONLY_ACTIVE_ARCH = YES;
				SDKROOT = iphoneos;
				SWIFT_ACTIVE_COMPILATION_CONDITIONS = DEBUG;
				SWIFT_OPTIMIZATION_LEVEL = "-Onone";
			};
			name = Debug;
		};
		E054FB4524B38BD8000DD0AA /* Release */ = {
			isa = XCBuildConfiguration;
			buildSettings = {
				ALWAYS_SEARCH_USER_PATHS = NO;
				CLANG_ANALYZER_NONNULL = YES;
				CLANG_ANALYZER_NUMBER_OBJECT_CONVERSION = YES_AGGRESSIVE;
				CLANG_CXX_LANGUAGE_STANDARD = "gnu++14";
				CLANG_CXX_LIBRARY = "libc++";
				CLANG_ENABLE_MODULES = YES;
				CLANG_ENABLE_OBJC_ARC = YES;
				CLANG_ENABLE_OBJC_WEAK = YES;
				CLANG_WARN_BLOCK_CAPTURE_AUTORELEASING = YES;
				CLANG_WARN_BOOL_CONVERSION = YES;
				CLANG_WARN_COMMA = YES;
				CLANG_WARN_CONSTANT_CONVERSION = YES;
				CLANG_WARN_DEPRECATED_OBJC_IMPLEMENTATIONS = YES;
				CLANG_WARN_DIRECT_OBJC_ISA_USAGE = YES_ERROR;
				CLANG_WARN_DOCUMENTATION_COMMENTS = YES;
				CLANG_WARN_EMPTY_BODY = YES;
				CLANG_WARN_ENUM_CONVERSION = YES;
				CLANG_WARN_INFINITE_RECURSION = YES;
				CLANG_WARN_INT_CONVERSION = YES;
				CLANG_WARN_NON_LITERAL_NULL_CONVERSION = YES;
				CLANG_WARN_OBJC_IMPLICIT_RETAIN_SELF = YES;
				CLANG_WARN_OBJC_LITERAL_CONVERSION = YES;
				CLANG_WARN_OBJC_ROOT_CLASS = YES_ERROR;
				CLANG_WARN_RANGE_LOOP_ANALYSIS = YES;
				CLANG_WARN_STRICT_PROTOTYPES = YES;
				CLANG_WARN_SUSPICIOUS_MOVE = YES;
				CLANG_WARN_UNGUARDED_AVAILABILITY = YES_AGGRESSIVE;
				CLANG_WARN_UNREACHABLE_CODE = YES;
				CLANG_WARN__DUPLICATE_METHOD_MATCH = YES;
				COPY_PHASE_STRIP = NO;
				DEBUG_INFORMATION_FORMAT = "dwarf-with-dsym";
				ENABLE_NS_ASSERTIONS = NO;
				ENABLE_STRICT_OBJC_MSGSEND = YES;
				GCC_C_LANGUAGE_STANDARD = gnu11;
				GCC_NO_COMMON_BLOCKS = YES;
				GCC_WARN_64_TO_32_BIT_CONVERSION = YES;
				GCC_WARN_ABOUT_RETURN_TYPE = YES_ERROR;
				GCC_WARN_UNDECLARED_SELECTOR = YES;
				GCC_WARN_UNINITIALIZED_AUTOS = YES_AGGRESSIVE;
				GCC_WARN_UNUSED_FUNCTION = YES;
				GCC_WARN_UNUSED_VARIABLE = YES;
				IPHONEOS_DEPLOYMENT_TARGET = 13.5;
				MTL_ENABLE_DEBUG_INFO = NO;
				MTL_FAST_MATH = YES;
				SDKROOT = iphoneos;
				SWIFT_COMPILATION_MODE = wholemodule;
				SWIFT_OPTIMIZATION_LEVEL = "-O";
				VALIDATE_PRODUCT = YES;
			};
			name = Release;
		};
		E054FB4724B38BD8000DD0AA /* Debug */ = {
			isa = XCBuildConfiguration;
			buildSettings = {
				ASSETCATALOG_COMPILER_APPICON_NAME = AppIcon;
				CODE_SIGN_STYLE = Automatic;
				DEVELOPMENT_TEAM = VWW7MQ2767;
				INFOPLIST_FILE = MathGame/Info.plist;
				LD_RUNPATH_SEARCH_PATHS = (
					"$(inherited)",
					"@executable_path/Frameworks",
				);
				PRODUCT_BUNDLE_IDENTIFIER = com.hutr0.MathGame;
				PRODUCT_NAME = Math;
				SWIFT_VERSION = 5.0;
				TARGETED_DEVICE_FAMILY = 1;
			};
			name = Debug;
		};
		E054FB4824B38BD8000DD0AA /* Release */ = {
			isa = XCBuildConfiguration;
			buildSettings = {
				ASSETCATALOG_COMPILER_APPICON_NAME = AppIcon;
				CODE_SIGN_STYLE = Automatic;
				DEVELOPMENT_TEAM = VWW7MQ2767;
				INFOPLIST_FILE = MathGame/Info.plist;
				LD_RUNPATH_SEARCH_PATHS = (
					"$(inherited)",
					"@executable_path/Frameworks",
				);
				PRODUCT_BUNDLE_IDENTIFIER = com.hutr0.MathGame;
				PRODUCT_NAME = Math;
				SWIFT_VERSION = 5.0;
				TARGETED_DEVICE_FAMILY = 1;
			};
			name = Release;
		};
/* End XCBuildConfiguration section */

/* Begin XCConfigurationList section */
		E054FB2D24B38BD8000DD0AA /* Build configuration list for PBXProject "MathGame" */ = {
			isa = XCConfigurationList;
			buildConfigurations = (
				E054FB4424B38BD8000DD0AA /* Debug */,
				E054FB4524B38BD8000DD0AA /* Release */,
			);
			defaultConfigurationIsVisible = 0;
			defaultConfigurationName = Release;
		};
		E054FB4624B38BD8000DD0AA /* Build configuration list for PBXNativeTarget "MathGame" */ = {
			isa = XCConfigurationList;
			buildConfigurations = (
				E054FB4724B38BD8000DD0AA /* Debug */,
				E054FB4824B38BD8000DD0AA /* Release */,
			);
			defaultConfigurationIsVisible = 0;
			defaultConfigurationName = Release;
		};
/* End XCConfigurationList section */
	};
	rootObject = E054FB2A24B38BD8000DD0AA /* Project object */;
}
